// !$*UTF8*$!
{
	archiveVersion = 1;
	classes = {
	};
	objectVersion = 50;
	objects = {

/* Begin PBXBuildFile section */
		13AFE49A5C41656117C38EE4 /* Pods_CMPA.framework in Frameworks */ = {isa = PBXBuildFile; fileRef = BB6F71DB6B137E347E851A82 /* Pods_CMPA.framework */; };
		A626305D215128820028C989 /* AppClient.swift in Sources */ = {isa = PBXBuildFile; fileRef = A626305C215128820028C989 /* AppClient.swift */; };
		A6A903012152800F00BF462C /* RepositoriesViewController.swift in Sources */ = {isa = PBXBuildFile; fileRef = A6A903002152800F00BF462C /* RepositoriesViewController.swift */; };
		A6BBD21F21502A63003FD8DB /* GitHubUsersApi.swift in Sources */ = {isa = PBXBuildFile; fileRef = A6BBD21E21502A63003FD8DB /* GitHubUsersApi.swift */; };
		A6BBD22121502A77003FD8DB /* GitHubRepositoriesApi.swift in Sources */ = {isa = PBXBuildFile; fileRef = A6BBD22021502A77003FD8DB /* GitHubRepositoriesApi.swift */; };
		A6BBD22421502A97003FD8DB /* User.swift in Sources */ = {isa = PBXBuildFile; fileRef = A6BBD22321502A97003FD8DB /* User.swift */; };
		A6BBD22621502AA3003FD8DB /* Repository.swift in Sources */ = {isa = PBXBuildFile; fileRef = A6BBD22521502AA3003FD8DB /* Repository.swift */; };
		A6CE179D21512FE200112E95 /* GitHubResponse.swift in Sources */ = {isa = PBXBuildFile; fileRef = A6CE179C21512FE200112E95 /* GitHubResponse.swift */; };
		A6FE57F221501FC3003A6FE5 /* AppDelegate.swift in Sources */ = {isa = PBXBuildFile; fileRef = A6FE57F121501FC3003A6FE5 /* AppDelegate.swift */; };
		A6FE57F421501FC3003A6FE5 /* UsersViewController.swift in Sources */ = {isa = PBXBuildFile; fileRef = A6FE57F321501FC3003A6FE5 /* UsersViewController.swift */; };
		A6FE57F721501FC3003A6FE5 /* Main.storyboard in Resources */ = {isa = PBXBuildFile; fileRef = A6FE57F521501FC3003A6FE5 /* Main.storyboard */; };
		A6FE57F921501FC4003A6FE5 /* Assets.xcassets in Resources */ = {isa = PBXBuildFile; fileRef = A6FE57F821501FC4003A6FE5 /* Assets.xcassets */; };
		A6FE57FC21501FC4003A6FE5 /* LaunchScreen.storyboard in Resources */ = {isa = PBXBuildFile; fileRef = A6FE57FA21501FC4003A6FE5 /* LaunchScreen.storyboard */; };
		A6FE580721501FC4003A6FE5 /* CMPATests.swift in Sources */ = {isa = PBXBuildFile; fileRef = A6FE580621501FC4003A6FE5 /* CMPATests.swift */; };
		A6FE581221501FC4003A6FE5 /* CMPAUITests.swift in Sources */ = {isa = PBXBuildFile; fileRef = A6FE581121501FC4003A6FE5 /* CMPAUITests.swift */; };
		A6FE582021502108003A6FE5 /* Podfile in Resources */ = {isa = PBXBuildFile; fileRef = A6FE581F21502108003A6FE5 /* Podfile */; };
/* End PBXBuildFile section */

/* Begin PBXContainerItemProxy section */
		A6FE580321501FC4003A6FE5 /* PBXContainerItemProxy */ = {
			isa = PBXContainerItemProxy;
			containerPortal = A6FE57E621501FC3003A6FE5 /* Project object */;
			proxyType = 1;
			remoteGlobalIDString = A6FE57ED21501FC3003A6FE5;
			remoteInfo = CMPA;
		};
		A6FE580E21501FC4003A6FE5 /* PBXContainerItemProxy */ = {
			isa = PBXContainerItemProxy;
			containerPortal = A6FE57E621501FC3003A6FE5 /* Project object */;
			proxyType = 1;
			remoteGlobalIDString = A6FE57ED21501FC3003A6FE5;
			remoteInfo = CMPA;
		};
/* End PBXContainerItemProxy section */

/* Begin PBXFileReference section */
		175AA6FB0FDEAACCE3047FCB /* Pods-CMPA.release.xcconfig */ = {isa = PBXFileReference; includeInIndex = 1; lastKnownFileType = text.xcconfig; name = "Pods-CMPA.release.xcconfig"; path = "Pods/Target Support Files/Pods-CMPA/Pods-CMPA.release.xcconfig"; sourceTree = "<group>"; };
		A626305C215128820028C989 /* AppClient.swift */ = {isa = PBXFileReference; lastKnownFileType = sourcecode.swift; path = AppClient.swift; sourceTree = "<group>"; };
		A6A903002152800F00BF462C /* RepositoriesViewController.swift */ = {isa = PBXFileReference; lastKnownFileType = sourcecode.swift; path = RepositoriesViewController.swift; sourceTree = "<group>"; };
		A6BBD21E21502A63003FD8DB /* GitHubUsersApi.swift */ = {isa = PBXFileReference; lastKnownFileType = sourcecode.swift; path = GitHubUsersApi.swift; sourceTree = "<group>"; };
		A6BBD22021502A77003FD8DB /* GitHubRepositoriesApi.swift */ = {isa = PBXFileReference; lastKnownFileType = sourcecode.swift; path = GitHubRepositoriesApi.swift; sourceTree = "<group>"; };
		A6BBD22321502A97003FD8DB /* User.swift */ = {isa = PBXFileReference; lastKnownFileType = sourcecode.swift; path = User.swift; sourceTree = "<group>"; };
		A6BBD22521502AA3003FD8DB /* Repository.swift */ = {isa = PBXFileReference; lastKnownFileType = sourcecode.swift; path = Repository.swift; sourceTree = "<group>"; };
		A6CE179C21512FE200112E95 /* GitHubResponse.swift */ = {isa = PBXFileReference; lastKnownFileType = sourcecode.swift; path = GitHubResponse.swift; sourceTree = "<group>"; };
		A6FE57EE21501FC3003A6FE5 /* CMPA.app */ = {isa = PBXFileReference; explicitFileType = wrapper.application; includeInIndex = 0; path = CMPA.app; sourceTree = BUILT_PRODUCTS_DIR; };
		A6FE57F121501FC3003A6FE5 /* AppDelegate.swift */ = {isa = PBXFileReference; lastKnownFileType = sourcecode.swift; path = AppDelegate.swift; sourceTree = "<group>"; };
		A6FE57F321501FC3003A6FE5 /* UsersViewController.swift */ = {isa = PBXFileReference; lastKnownFileType = sourcecode.swift; path = UsersViewController.swift; sourceTree = "<group>"; };
		A6FE57F621501FC3003A6FE5 /* Base */ = {isa = PBXFileReference; lastKnownFileType = file.storyboard; name = Base; path = Base.lproj/Main.storyboard; sourceTree = "<group>"; };
		A6FE57F821501FC4003A6FE5 /* Assets.xcassets */ = {isa = PBXFileReference; lastKnownFileType = folder.assetcatalog; path = Assets.xcassets; sourceTree = "<group>"; };
		A6FE57FB21501FC4003A6FE5 /* Base */ = {isa = PBXFileReference; lastKnownFileType = file.storyboard; name = Base; path = Base.lproj/LaunchScreen.storyboard; sourceTree = "<group>"; };
		A6FE57FD21501FC4003A6FE5 /* Info.plist */ = {isa = PBXFileReference; lastKnownFileType = text.plist.xml; path = Info.plist; sourceTree = "<group>"; };
		A6FE580221501FC4003A6FE5 /* CMPATests.xctest */ = {isa = PBXFileReference; explicitFileType = wrapper.cfbundle; includeInIndex = 0; path = CMPATests.xctest; sourceTree = BUILT_PRODUCTS_DIR; };
		A6FE580621501FC4003A6FE5 /* CMPATests.swift */ = {isa = PBXFileReference; lastKnownFileType = sourcecode.swift; path = CMPATests.swift; sourceTree = "<group>"; };
		A6FE580821501FC4003A6FE5 /* Info.plist */ = {isa = PBXFileReference; lastKnownFileType = text.plist.xml; path = Info.plist; sourceTree = "<group>"; };
		A6FE580D21501FC4003A6FE5 /* CMPAUITests.xctest */ = {isa = PBXFileReference; explicitFileType = wrapper.cfbundle; includeInIndex = 0; path = CMPAUITests.xctest; sourceTree = BUILT_PRODUCTS_DIR; };
		A6FE581121501FC4003A6FE5 /* CMPAUITests.swift */ = {isa = PBXFileReference; lastKnownFileType = sourcecode.swift; path = CMPAUITests.swift; sourceTree = "<group>"; };
		A6FE581321501FC4003A6FE5 /* Info.plist */ = {isa = PBXFileReference; lastKnownFileType = text.plist.xml; path = Info.plist; sourceTree = "<group>"; };
		A6FE581F21502108003A6FE5 /* Podfile */ = {isa = PBXFileReference; explicitFileType = text.script.ruby; path = Podfile; sourceTree = "<group>"; xcLanguageSpecificationIdentifier = xcode.lang.ruby; };
		BB6F71DB6B137E347E851A82 /* Pods_CMPA.framework */ = {isa = PBXFileReference; explicitFileType = wrapper.framework; includeInIndex = 0; path = Pods_CMPA.framework; sourceTree = BUILT_PRODUCTS_DIR; };
		EDEBE65C345CE9AE34F7FF16 /* Pods-CMPA.debug.xcconfig */ = {isa = PBXFileReference; includeInIndex = 1; lastKnownFileType = text.xcconfig; name = "Pods-CMPA.debug.xcconfig"; path = "Pods/Target Support Files/Pods-CMPA/Pods-CMPA.debug.xcconfig"; sourceTree = "<group>"; };
/* End PBXFileReference section */

/* Begin PBXFrameworksBuildPhase section */
		A6FE57EB21501FC3003A6FE5 /* Frameworks */ = {
			isa = PBXFrameworksBuildPhase;
			buildActionMask = 2147483647;
			files = (
				13AFE49A5C41656117C38EE4 /* Pods_CMPA.framework in Frameworks */,
			);
			runOnlyForDeploymentPostprocessing = 0;
		};
		A6FE57FF21501FC4003A6FE5 /* Frameworks */ = {
			isa = PBXFrameworksBuildPhase;
			buildActionMask = 2147483647;
			files = (
			);
			runOnlyForDeploymentPostprocessing = 0;
		};
		A6FE580A21501FC4003A6FE5 /* Frameworks */ = {
			isa = PBXFrameworksBuildPhase;
			buildActionMask = 2147483647;
			files = (
			);
			runOnlyForDeploymentPostprocessing = 0;
		};
/* End PBXFrameworksBuildPhase section */

/* Begin PBXGroup section */
		6A82FC01BA34B0396AC7CC37 /* Frameworks */ = {
			isa = PBXGroup;
			children = (
				BB6F71DB6B137E347E851A82 /* Pods_CMPA.framework */,
			);
			name = Frameworks;
			sourceTree = "<group>";
		};
		A626305B2150333A0028C989 /* Views */ = {
			isa = PBXGroup;
			children = (
				A6FE57F321501FC3003A6FE5 /* UsersViewController.swift */,
				A6A903002152800F00BF462C /* RepositoriesViewController.swift */,
			);
			path = Views;
			sourceTree = "<group>";
		};
		A6BBD21D2150284C003FD8DB /* Controllers */ = {
			isa = PBXGroup;
			children = (
				A6BBD21E21502A63003FD8DB /* GitHubUsersApi.swift */,
				A6BBD22021502A77003FD8DB /* GitHubRepositoriesApi.swift */,
			);
			path = Controllers;
			sourceTree = "<group>";
		};
		A6BBD22221502A8C003FD8DB /* Models */ = {
			isa = PBXGroup;
			children = (
				A6BBD22321502A97003FD8DB /* User.swift */,
				A6BBD22521502AA3003FD8DB /* Repository.swift */,
				A6CE179C21512FE200112E95 /* GitHubResponse.swift */,
			);
			path = Models;
			sourceTree = "<group>";
		};
		A6FE57E521501FC3003A6FE5 = {
			isa = PBXGroup;
			children = (
				A6FE581F21502108003A6FE5 /* Podfile */,
				A6FE57F021501FC3003A6FE5 /* CMPA */,
				A6FE580521501FC4003A6FE5 /* CMPATests */,
				A6FE581021501FC4003A6FE5 /* CMPAUITests */,
				A6FE57EF21501FC3003A6FE5 /* Products */,
				E4B2EDC74D9302E91B77CFF1 /* Pods */,
				6A82FC01BA34B0396AC7CC37 /* Frameworks */,
			);
			sourceTree = "<group>";
		};
		A6FE57EF21501FC3003A6FE5 /* Products */ = {
			isa = PBXGroup;
			children = (
				A6FE57EE21501FC3003A6FE5 /* CMPA.app */,
				A6FE580221501FC4003A6FE5 /* CMPATests.xctest */,
				A6FE580D21501FC4003A6FE5 /* CMPAUITests.xctest */,
			);
			name = Products;
			sourceTree = "<group>";
		};
		A6FE57F021501FC3003A6FE5 /* CMPA */ = {
			isa = PBXGroup;
			children = (
				A626305B2150333A0028C989 /* Views */,
				A6BBD22221502A8C003FD8DB /* Models */,
				A6BBD21D2150284C003FD8DB /* Controllers */,
				A6FE57F121501FC3003A6FE5 /* AppDelegate.swift */,
				A6FE57F521501FC3003A6FE5 /* Main.storyboard */,
				A6FE57F821501FC4003A6FE5 /* Assets.xcassets */,
				A6FE57FA21501FC4003A6FE5 /* LaunchScreen.storyboard */,
				A6FE57FD21501FC4003A6FE5 /* Info.plist */,
				A626305C215128820028C989 /* AppClient.swift */,
			);
			path = CMPA;
			sourceTree = "<group>";
		};
		A6FE580521501FC4003A6FE5 /* CMPATests */ = {
			isa = PBXGroup;
			children = (
				A6FE580621501FC4003A6FE5 /* CMPATests.swift */,
				A6FE580821501FC4003A6FE5 /* Info.plist */,
			);
			path = CMPATests;
			sourceTree = "<group>";
		};
		A6FE581021501FC4003A6FE5 /* CMPAUITests */ = {
			isa = PBXGroup;
			children = (
				A6FE581121501FC4003A6FE5 /* CMPAUITests.swift */,
				A6FE581321501FC4003A6FE5 /* Info.plist */,
			);
			path = CMPAUITests;
			sourceTree = "<group>";
		};
		E4B2EDC74D9302E91B77CFF1 /* Pods */ = {
			isa = PBXGroup;
			children = (
				EDEBE65C345CE9AE34F7FF16 /* Pods-CMPA.debug.xcconfig */,
				175AA6FB0FDEAACCE3047FCB /* Pods-CMPA.release.xcconfig */,
			);
			name = Pods;
			sourceTree = "<group>";
		};
/* End PBXGroup section */

/* Begin PBXNativeTarget section */
		A6FE57ED21501FC3003A6FE5 /* CMPA */ = {
			isa = PBXNativeTarget;
			buildConfigurationList = A6FE581621501FC4003A6FE5 /* Build configuration list for PBXNativeTarget "CMPA" */;
			buildPhases = (
				70B42C78B1D773FE3C84367C /* [CP] Check Pods Manifest.lock */,
				A6FE57EA21501FC3003A6FE5 /* Sources */,
				A6FE57EB21501FC3003A6FE5 /* Frameworks */,
				A6FE57EC21501FC3003A6FE5 /* Resources */,
				BD9FDB379D660451A9E038F4 /* [CP] Embed Pods Frameworks */,
			);
			buildRules = (
			);
			dependencies = (
			);
			name = CMPA;
			productName = CMPA;
			productReference = A6FE57EE21501FC3003A6FE5 /* CMPA.app */;
			productType = "com.apple.product-type.application";
		};
		A6FE580121501FC4003A6FE5 /* CMPATests */ = {
			isa = PBXNativeTarget;
			buildConfigurationList = A6FE581921501FC4003A6FE5 /* Build configuration list for PBXNativeTarget "CMPATests" */;
			buildPhases = (
				A6FE57FE21501FC4003A6FE5 /* Sources */,
				A6FE57FF21501FC4003A6FE5 /* Frameworks */,
				A6FE580021501FC4003A6FE5 /* Resources */,
			);
			buildRules = (
			);
			dependencies = (
				A6FE580421501FC4003A6FE5 /* PBXTargetDependency */,
			);
			name = CMPATests;
			productName = CMPATests;
			productReference = A6FE580221501FC4003A6FE5 /* CMPATests.xctest */;
			productType = "com.apple.product-type.bundle.unit-test";
		};
		A6FE580C21501FC4003A6FE5 /* CMPAUITests */ = {
			isa = PBXNativeTarget;
			buildConfigurationList = A6FE581C21501FC4003A6FE5 /* Build configuration list for PBXNativeTarget "CMPAUITests" */;
			buildPhases = (
				A6FE580921501FC4003A6FE5 /* Sources */,
				A6FE580A21501FC4003A6FE5 /* Frameworks */,
				A6FE580B21501FC4003A6FE5 /* Resources */,
			);
			buildRules = (
			);
			dependencies = (
				A6FE580F21501FC4003A6FE5 /* PBXTargetDependency */,
			);
			name = CMPAUITests;
			productName = CMPAUITests;
			productReference = A6FE580D21501FC4003A6FE5 /* CMPAUITests.xctest */;
			productType = "com.apple.product-type.bundle.ui-testing";
		};
/* End PBXNativeTarget section */

/* Begin PBXProject section */
		A6FE57E621501FC3003A6FE5 /* Project object */ = {
			isa = PBXProject;
			attributes = {
				LastSwiftUpdateCheck = 0940;
				LastUpgradeCheck = 0940;
				ORGANIZATIONNAME = "Morten Liebmann Andersen";
				TargetAttributes = {
					A6FE57ED21501FC3003A6FE5 = {
						CreatedOnToolsVersion = 9.4.1;
					};
					A6FE580121501FC4003A6FE5 = {
						CreatedOnToolsVersion = 9.4.1;
						TestTargetID = A6FE57ED21501FC3003A6FE5;
					};
					A6FE580C21501FC4003A6FE5 = {
						CreatedOnToolsVersion = 9.4.1;
						TestTargetID = A6FE57ED21501FC3003A6FE5;
					};
				};
			};
			buildConfigurationList = A6FE57E921501FC3003A6FE5 /* Build configuration list for PBXProject "CMPA" */;
			compatibilityVersion = "Xcode 9.3";
			developmentRegion = en;
			hasScannedForEncodings = 0;
			knownRegions = (
				en,
				Base,
			);
			mainGroup = A6FE57E521501FC3003A6FE5;
			productRefGroup = A6FE57EF21501FC3003A6FE5 /* Products */;
			projectDirPath = "";
			projectRoot = "";
			targets = (
				A6FE57ED21501FC3003A6FE5 /* CMPA */,
				A6FE580121501FC4003A6FE5 /* CMPATests */,
				A6FE580C21501FC4003A6FE5 /* CMPAUITests */,
			);
		};
/* End PBXProject section */

/* Begin PBXResourcesBuildPhase section */
		A6FE57EC21501FC3003A6FE5 /* Resources */ = {
			isa = PBXResourcesBuildPhase;
			buildActionMask = 2147483647;
			files = (
				A6FE57FC21501FC4003A6FE5 /* LaunchScreen.storyboard in Resources */,
				A6FE57F921501FC4003A6FE5 /* Assets.xcassets in Resources */,
				A6FE582021502108003A6FE5 /* Podfile in Resources */,
				A6FE57F721501FC3003A6FE5 /* Main.storyboard in Resources */,
			);
			runOnlyForDeploymentPostprocessing = 0;
		};
		A6FE580021501FC4003A6FE5 /* Resources */ = {
			isa = PBXResourcesBuildPhase;
			buildActionMask = 2147483647;
			files = (
			);
			runOnlyForDeploymentPostprocessing = 0;
		};
		A6FE580B21501FC4003A6FE5 /* Resources */ = {
			isa = PBXResourcesBuildPhase;
			buildActionMask = 2147483647;
			files = (
			);
			runOnlyForDeploymentPostprocessing = 0;
		};
/* End PBXResourcesBuildPhase section */

/* Begin PBXShellScriptBuildPhase section */
		70B42C78B1D773FE3C84367C /* [CP] Check Pods Manifest.lock */ = {
			isa = PBXShellScriptBuildPhase;
			buildActionMask = 2147483647;
			files = (
			);
			inputPaths = (
				"${PODS_PODFILE_DIR_PATH}/Podfile.lock",
				"${PODS_ROOT}/Manifest.lock",
			);
			name = "[CP] Check Pods Manifest.lock";
			outputPaths = (
				"$(DERIVED_FILE_DIR)/Pods-CMPA-checkManifestLockResult.txt",
			);
			runOnlyForDeploymentPostprocessing = 0;
			shellPath = /bin/sh;
			shellScript = "diff \"${PODS_PODFILE_DIR_PATH}/Podfile.lock\" \"${PODS_ROOT}/Manifest.lock\" > /dev/null\nif [ $? != 0 ] ; then\n    # print error to STDERR\n    echo \"error: The sandbox is not in sync with the Podfile.lock. Run 'pod install' or update your CocoaPods installation.\" >&2\n    exit 1\nfi\n# This output is used by Xcode 'outputs' to avoid re-running this script phase.\necho \"SUCCESS\" > \"${SCRIPT_OUTPUT_FILE_0}\"\n";
			showEnvVarsInLog = 0;
		};
		BD9FDB379D660451A9E038F4 /* [CP] Embed Pods Frameworks */ = {
			isa = PBXShellScriptBuildPhase;
			buildActionMask = 2147483647;
			files = (
			);
			inputPaths = (
				"${SRCROOT}/Pods/Target Support Files/Pods-CMPA/Pods-CMPA-frameworks.sh",
				"${BUILT_PRODUCTS_DIR}/Differentiator/Differentiator.framework",
				"${BUILT_PRODUCTS_DIR}/RxCocoa/RxCocoa.framework",
				"${BUILT_PRODUCTS_DIR}/RxDataSources/RxDataSources.framework",
				"${BUILT_PRODUCTS_DIR}/RxSwift/RxSwift.framework",
			);
			name = "[CP] Embed Pods Frameworks";
			outputPaths = (
				"${TARGET_BUILD_DIR}/${FRAMEWORKS_FOLDER_PATH}/Differentiator.framework",
				"${TARGET_BUILD_DIR}/${FRAMEWORKS_FOLDER_PATH}/RxCocoa.framework",
				"${TARGET_BUILD_DIR}/${FRAMEWORKS_FOLDER_PATH}/RxDataSources.framework",
				"${TARGET_BUILD_DIR}/${FRAMEWORKS_FOLDER_PATH}/RxSwift.framework",
			);
			runOnlyForDeploymentPostprocessing = 0;
			shellPath = /bin/sh;
			shellScript = "\"${SRCROOT}/Pods/Target Support Files/Pods-CMPA/Pods-CMPA-frameworks.sh\"\n";
			showEnvVarsInLog = 0;
		};
/* End PBXShellScriptBuildPhase section */

/* Begin PBXSourcesBuildPhase section */
		A6FE57EA21501FC3003A6FE5 /* Sources */ = {
			isa = PBXSourcesBuildPhase;
			buildActionMask = 2147483647;
			files = (
				A6FE57F421501FC3003A6FE5 /* UsersViewController.swift in Sources */,
				A6CE179D21512FE200112E95 /* GitHubResponse.swift in Sources */,
				A6BBD21F21502A63003FD8DB /* GitHubUsersApi.swift in Sources */,
				A6FE57F221501FC3003A6FE5 /* AppDelegate.swift in Sources */,
				A6A903012152800F00BF462C /* RepositoriesViewController.swift in Sources */,
				A6BBD22421502A97003FD8DB /* User.swift in Sources */,
				A6BBD22121502A77003FD8DB /* GitHubRepositoriesApi.swift in Sources */,
				A626305D215128820028C989 /* AppClient.swift in Sources */,
				A6BBD22621502AA3003FD8DB /* Repository.swift in Sources */,
			);
			runOnlyForDeploymentPostprocessing = 0;
		};
		A6FE57FE21501FC4003A6FE5 /* Sources */ = {
			isa = PBXSourcesBuildPhase;
			buildActionMask = 2147483647;
			files = (
				A6FE580721501FC4003A6FE5 /* CMPATests.swift in Sources */,
			);
			runOnlyForDeploymentPostprocessing = 0;
		};
		A6FE580921501FC4003A6FE5 /* Sources */ = {
			isa = PBXSourcesBuildPhase;
			buildActionMask = 2147483647;
			files = (
				A6FE581221501FC4003A6FE5 /* CMPAUITests.swift in Sources */,
			);
			runOnlyForDeploymentPostprocessing = 0;
		};
/* End PBXSourcesBuildPhase section */

/* Begin PBXTargetDependency section */
		A6FE580421501FC4003A6FE5 /* PBXTargetDependency */ = {
			isa = PBXTargetDependency;
			target = A6FE57ED21501FC3003A6FE5 /* CMPA */;
			targetProxy = A6FE580321501FC4003A6FE5 /* PBXContainerItemProxy */;
		};
		A6FE580F21501FC4003A6FE5 /* PBXTargetDependency */ = {
			isa = PBXTargetDependency;
			target = A6FE57ED21501FC3003A6FE5 /* CMPA */;
			targetProxy = A6FE580E21501FC4003A6FE5 /* PBXContainerItemProxy */;
		};
/* End PBXTargetDependency section */

/* Begin PBXVariantGroup section */
		A6FE57F521501FC3003A6FE5 /* Main.storyboard */ = {
			isa = PBXVariantGroup;
			children = (
				A6FE57F621501FC3003A6FE5 /* Base */,
			);
			name = Main.storyboard;
			sourceTree = "<group>";
		};
		A6FE57FA21501FC4003A6FE5 /* LaunchScreen.storyboard */ = {
			isa = PBXVariantGroup;
			children = (
				A6FE57FB21501FC4003A6FE5 /* Base */,
			);
			name = LaunchScreen.storyboard;
			sourceTree = "<group>";
		};
/* End PBXVariantGroup section */

/* Begin XCBuildConfiguration section */
		A6FE581421501FC4003A6FE5 /* Debug */ = {
			isa = XCBuildConfiguration;
			buildSettings = {
				ALWAYS_SEARCH_USER_PATHS = NO;
				CLANG_ANALYZER_NONNULL = YES;
				CLANG_ANALYZER_NUMBER_OBJECT_CONVERSION = YES_AGGRESSIVE;
				CLANG_CXX_LANGUAGE_STANDARD = "gnu++14";
				CLANG_CXX_LIBRARY = "libc++";
				CLANG_ENABLE_MODULES = YES;
				CLANG_ENABLE_OBJC_ARC = YES;
				CLANG_ENABLE_OBJC_WEAK = YES;
				CLANG_WARN_BLOCK_CAPTURE_AUTORELEASING = YES;
				CLANG_WARN_BOOL_CONVERSION = YES;
				CLANG_WARN_COMMA = YES;
				CLANG_WARN_CONSTANT_CONVERSION = YES;
				CLANG_WARN_DEPRECATED_OBJC_IMPLEMENTATIONS = YES;
				CLANG_WARN_DIRECT_OBJC_ISA_USAGE = YES_ERROR;
				CLANG_WARN_DOCUMENTATION_COMMENTS = YES;
				CLANG_WARN_EMPTY_BODY = YES;
				CLANG_WARN_ENUM_CONVERSION = YES;
				CLANG_WARN_INFINITE_RECURSION = YES;
				CLANG_WARN_INT_CONVERSION = YES;
				CLANG_WARN_NON_LITERAL_NULL_CONVERSION = YES;
				CLANG_WARN_OBJC_IMPLICIT_RETAIN_SELF = YES;
				CLANG_WARN_OBJC_LITERAL_CONVERSION = YES;
				CLANG_WARN_OBJC_ROOT_CLASS = YES_ERROR;
				CLANG_WARN_RANGE_LOOP_ANALYSIS = YES;
				CLANG_WARN_STRICT_PROTOTYPES = YES;
				CLANG_WARN_SUSPICIOUS_MOVE = YES;
				CLANG_WARN_UNGUARDED_AVAILABILITY = YES_AGGRESSIVE;
				CLANG_WARN_UNREACHABLE_CODE = YES;
				CLANG_WARN__DUPLICATE_METHOD_MATCH = YES;
				CODE_SIGN_IDENTITY = "iPhone Developer";
				COPY_PHASE_STRIP = NO;
				DEBUG_INFORMATION_FORMAT = dwarf;
				ENABLE_STRICT_OBJC_MSGSEND = YES;
				ENABLE_TESTABILITY = YES;
				GCC_C_LANGUAGE_STANDARD = gnu11;
				GCC_DYNAMIC_NO_PIC = NO;
				GCC_NO_COMMON_BLOCKS = YES;
				GCC_OPTIMIZATION_LEVEL = 0;
				GCC_PREPROCESSOR_DEFINITIONS = (
					"DEBUG=1",
					"$(inherited)",
				);
				GCC_WARN_64_TO_32_BIT_CONVERSION = YES;
				GCC_WARN_ABOUT_RETURN_TYPE = YES_ERROR;
				GCC_WARN_UNDECLARED_SELECTOR = YES;
				GCC_WARN_UNINITIALIZED_AUTOS = YES_AGGRESSIVE;
				GCC_WARN_UNUSED_FUNCTION = YES;
				GCC_WARN_UNUSED_VARIABLE = YES;
				IPHONEOS_DEPLOYMENT_TARGET = 11.4;
				MTL_ENABLE_DEBUG_INFO = YES;
				ONLY_ACTIVE_ARCH = YES;
				SDKROOT = iphoneos;
				SWIFT_ACTIVE_COMPILATION_CONDITIONS = DEBUG;
				SWIFT_OPTIMIZATION_LEVEL = "-Onone";
			};
			name = Debug;
		};
		A6FE581521501FC4003A6FE5 /* Release */ = {
			isa = XCBuildConfiguration;
			buildSettings = {
				ALWAYS_SEARCH_USER_PATHS = NO;
				CLANG_ANALYZER_NONNULL = YES;
				CLANG_ANALYZER_NUMBER_OBJECT_CONVERSION = YES_AGGRESSIVE;
				CLANG_CXX_LANGUAGE_STANDARD = "gnu++14";
				CLANG_CXX_LIBRARY = "libc++";
				CLANG_ENABLE_MODULES = YES;
				CLANG_ENABLE_OBJC_ARC = YES;
				CLANG_ENABLE_OBJC_WEAK = YES;
				CLANG_WARN_BLOCK_CAPTURE_AUTORELEASING = YES;
				CLANG_WARN_BOOL_CONVERSION = YES;
				CLANG_WARN_COMMA = YES;
				CLANG_WARN_CONSTANT_CONVERSION = YES;
				CLANG_WARN_DEPRECATED_OBJC_IMPLEMENTATIONS = YES;
				CLANG_WARN_DIRECT_OBJC_ISA_USAGE = YES_ERROR;
				CLANG_WARN_DOCUMENTATION_COMMENTS = YES;
				CLANG_WARN_EMPTY_BODY = YES;
				CLANG_WARN_ENUM_CONVERSION = YES;
				CLANG_WARN_INFINITE_RECURSION = YES;
				CLANG_WARN_INT_CONVERSION = YES;
				CLANG_WARN_NON_LITERAL_NULL_CONVERSION = YES;
				CLANG_WARN_OBJC_IMPLICIT_RETAIN_SELF = YES;
				CLANG_WARN_OBJC_LITERAL_CONVERSION = YES;
				CLANG_WARN_OBJC_ROOT_CLASS = YES_ERROR;
				CLANG_WARN_RANGE_LOOP_ANALYSIS = YES;
				CLANG_WARN_STRICT_PROTOTYPES = YES;
				CLANG_WARN_SUSPICIOUS_MOVE = YES;
				CLANG_WARN_UNGUARDED_AVAILABILITY = YES_AGGRESSIVE;
				CLANG_WARN_UNREACHABLE_CODE = YES;
				CLANG_WARN__DUPLICATE_METHOD_MATCH = YES;
				CODE_SIGN_IDENTITY = "iPhone Developer";
				COPY_PHASE_STRIP = NO;
				DEBUG_INFORMATION_FORMAT = "dwarf-with-dsym";
				ENABLE_NS_ASSERTIONS = NO;
				ENABLE_STRICT_OBJC_MSGSEND = YES;
				GCC_C_LANGUAGE_STANDARD = gnu11;
				GCC_NO_COMMON_BLOCKS = YES;
				GCC_WARN_64_TO_32_BIT_CONVERSION = YES;
				GCC_WARN_ABOUT_RETURN_TYPE = YES_ERROR;
				GCC_WARN_UNDECLARED_SELECTOR = YES;
				GCC_WARN_UNINITIALIZED_AUTOS = YES_AGGRESSIVE;
				GCC_WARN_UNUSED_FUNCTION = YES;
				GCC_WARN_UNUSED_VARIABLE = YES;
				IPHONEOS_DEPLOYMENT_TARGET = 11.4;
				MTL_ENABLE_DEBUG_INFO = NO;
				SDKROOT = iphoneos;
				SWIFT_COMPILATION_MODE = wholemodule;
				SWIFT_OPTIMIZATION_LEVEL = "-O";
				VALIDATE_PRODUCT = YES;
			};
			name = Release;
		};
		A6FE581721501FC4003A6FE5 /* Debug */ = {
			isa = XCBuildConfiguration;
			baseConfigurationReference = EDEBE65C345CE9AE34F7FF16 /* Pods-CMPA.debug.xcconfig */;
			buildSettings = {
				ASSETCATALOG_COMPILER_APPICON_NAME = AppIcon;
				CODE_SIGN_STYLE = Automatic;
				DEVELOPMENT_TEAM = J33TWD339C;
				INFOPLIST_FILE = CMPA/Info.plist;
				LD_RUNPATH_SEARCH_PATHS = (
					"$(inherited)",
					"@executable_path/Frameworks",
				);
				PRODUCT_BUNDLE_IDENTIFIER = MortenLiebmann.CMPA;
				PRODUCT_NAME = "$(TARGET_NAME)";
				SWIFT_VERSION = 4.0;
				TARGETED_DEVICE_FAMILY = "1,2";
			};
			name = Debug;
		};
		A6FE581821501FC4003A6FE5 /* Release */ = {
			isa = XCBuildConfiguration;
			baseConfigurationReference = 175AA6FB0FDEAACCE3047FCB /* Pods-CMPA.release.xcconfig */;
			buildSettings = {
				ASSETCATALOG_COMPILER_APPICON_NAME = AppIcon;
				CODE_SIGN_STYLE = Automatic;
				DEVELOPMENT_TEAM = J33TWD339C;
				INFOPLIST_FILE = CMPA/Info.plist;
				LD_RUNPATH_SEARCH_PATHS = (
					"$(inherited)",
					"@executable_path/Frameworks",
				);
				PRODUCT_BUNDLE_IDENTIFIER = MortenLiebmann.CMPA;
				PRODUCT_NAME = "$(TARGET_NAME)";
				SWIFT_VERSION = 4.0;
				TARGETED_DEVICE_FAMILY = "1,2";
			};
			name = Release;
		};
		A6FE581A21501FC4003A6FE5 /* Debug */ = {
			isa = XCBuildConfiguration;
			buildSettings = {
				ALWAYS_EMBED_SWIFT_STANDARD_LIBRARIES = YES;
				BUNDLE_LOADER = "$(TEST_HOST)";
				CODE_SIGN_STYLE = Automatic;
				DEVELOPMENT_TEAM = J33TWD339C;
				INFOPLIST_FILE = CMPATests/Info.plist;
				LD_RUNPATH_SEARCH_PATHS = (
					"$(inherited)",
					"@executable_path/Frameworks",
					"@loader_path/Frameworks",
				);
				PRODUCT_BUNDLE_IDENTIFIER = MortenLiebmann.CMPATests;
				PRODUCT_NAME = "$(TARGET_NAME)";
				SWIFT_VERSION = 4.0;
				TARGETED_DEVICE_FAMILY = "1,2";
				TEST_HOST = "$(BUILT_PRODUCTS_DIR)/CMPA.app/CMPA";
			};
			name = Debug;
		};
		A6FE581B21501FC4003A6FE5 /* Release */ = {
			isa = XCBuildConfiguration;
			buildSettings = {
				ALWAYS_EMBED_SWIFT_STANDARD_LIBRARIES = YES;
				BUNDLE_LOADER = "$(TEST_HOST)";
				CODE_SIGN_STYLE = Automatic;
				DEVELOPMENT_TEAM = J33TWD339C;
				INFOPLIST_FILE = CMPATests/Info.plist;
				LD_RUNPATH_SEARCH_PATHS = (
					"$(inherited)",
					"@executable_path/Frameworks",
					"@loader_path/Frameworks",
				);
				PRODUCT_BUNDLE_IDENTIFIER = MortenLiebmann.CMPATests;
				PRODUCT_NAME = "$(TARGET_NAME)";
				SWIFT_VERSION = 4.0;
				TARGETED_DEVICE_FAMILY = "1,2";
				TEST_HOST = "$(BUILT_PRODUCTS_DIR)/CMPA.app/CMPA";
			};
			name = Release;
		};
		A6FE581D21501FC4003A6FE5 /* Debug */ = {
			isa = XCBuildConfiguration;
			buildSettings = {
				ALWAYS_EMBED_SWIFT_STANDARD_LIBRARIES = YES;
				CODE_SIGN_STYLE = Automatic;
				DEVELOPMENT_TEAM = J33TWD339C;
				INFOPLIST_FILE = CMPAUITests/Info.plist;
				LD_RUNPATH_SEARCH_PATHS = (
					"$(inherited)",
					"@executable_path/Frameworks",
					"@loader_path/Frameworks",
				);
				PRODUCT_BUNDLE_IDENTIFIER = MortenLiebmann.CMPAUITests;
				PRODUCT_NAME = "$(TARGET_NAME)";
				SWIFT_VERSION = 4.0;
				TARGETED_DEVICE_FAMILY = "1,2";
				TEST_TARGET_NAME = CMPA;
			};
			name = Debug;
		};
		A6FE581E21501FC4003A6FE5 /* Release */ = {
			isa = XCBuildConfiguration;
			buildSettings = {
				ALWAYS_EMBED_SWIFT_STANDARD_LIBRARIES = YES;
				CODE_SIGN_STYLE = Automatic;
				DEVELOPMENT_TEAM = J33TWD339C;
				INFOPLIST_FILE = CMPAUITests/Info.plist;
				LD_RUNPATH_SEARCH_PATHS = (
					"$(inherited)",
					"@executable_path/Frameworks",
					"@loader_path/Frameworks",
				);
				PRODUCT_BUNDLE_IDENTIFIER = MortenLiebmann.CMPAUITests;
				PRODUCT_NAME = "$(TARGET_NAME)";
				SWIFT_VERSION = 4.0;
				TARGETED_DEVICE_FAMILY = "1,2";
				TEST_TARGET_NAME = CMPA;
			};
			name = Release;
		};
/* End XCBuildConfiguration section */

/* Begin XCConfigurationList section */
		A6FE57E921501FC3003A6FE5 /* Build configuration list for PBXProject "CMPA" */ = {
			isa = XCConfigurationList;
			buildConfigurations = (
				A6FE581421501FC4003A6FE5 /* Debug */,
				A6FE581521501FC4003A6FE5 /* Release */,
			);
			defaultConfigurationIsVisible = 0;
			defaultConfigurationName = Release;
		};
		A6FE581621501FC4003A6FE5 /* Build configuration list for PBXNativeTarget "CMPA" */ = {
			isa = XCConfigurationList;
			buildConfigurations = (
				A6FE581721501FC4003A6FE5 /* Debug */,
				A6FE581821501FC4003A6FE5 /* Release */,
			);
			defaultConfigurationIsVisible = 0;
			defaultConfigurationName = Release;
		};
		A6FE581921501FC4003A6FE5 /* Build configuration list for PBXNativeTarget "CMPATests" */ = {
			isa = XCConfigurationList;
			buildConfigurations = (
				A6FE581A21501FC4003A6FE5 /* Debug */,
				A6FE581B21501FC4003A6FE5 /* Release */,
			);
			defaultConfigurationIsVisible = 0;
			defaultConfigurationName = Release;
		};
		A6FE581C21501FC4003A6FE5 /* Build configuration list for PBXNativeTarget "CMPAUITests" */ = {
			isa = XCConfigurationList;
			buildConfigurations = (
				A6FE581D21501FC4003A6FE5 /* Debug */,
				A6FE581E21501FC4003A6FE5 /* Release */,
			);
			defaultConfigurationIsVisible = 0;
			defaultConfigurationName = Release;
		};
/* End XCConfigurationList section */
	};
	rootObject = A6FE57E621501FC3003A6FE5 /* Project object */;
}
